
Microsoft Visual Studio Solution File, Format Version 12.00
# Visual Studio 15
VisualStudioVersion = 15.0.28307.1062
MinimumVisualStudioVersion = 10.0.40219.1
Project("{FAE04EC0-301F-11D3-BF4B-00C04F79EFBC}") = "GenericPrac", "GenericPrac\GenericPrac.csproj", "{65E73721-41FF-4F23-9820-D11A10E87AAD}"
EndProject
Global
	GlobalSection(SolutionConfigurationPlatforms) = preSolution
		Debug|Any CPU = Debug|Any CPU
		Release|Any CPU = Release|Any CPU
	EndGlobalSection
	GlobalSection(ProjectConfigurationPlatforms) = postSolution
		{65E73721-41FF-4F23-9820-D11A10E87AAD}.Debug|Any CPU.ActiveCfg = Debug|Any CPU
		{65E73721-41FF-4F23-9820-D11A10E87AAD}.Debug|Any CPU.Build.0 = Debug|Any CPU
		{65E73721-41FF-4F23-9820-D11A10E87AAD}.Release|Any CPU.ActiveCfg = Release|Any CPU
		{65E73721-41FF-4F23-9820-D11A10E87AAD}.Release|Any CPU.Build.0 = Release|Any CPU
	EndGlobalSection
	GlobalSection(SolutionProperties) = preSolution
		HideSolutionNode = FALSE
	EndGlobalSection
	GlobalSection(ExtensibilityGlobals) = postSolution
		SolutionGuid = {9EA501C1-FDB0-4CE5-B9D0-B16E6AD9D3D8}
	EndGlobalSection
EndGlobal
